
Microsoft Visual Studio Solution File, Format Version 12.00
# Visual Studio Version 16
VisualStudioVersion = 16.0.30803.129
MinimumVisualStudioVersion = 10.0.40219.1
Project("{FAE04EC0-301F-11D3-BF4B-00C04F79EFBC}") = "Vjezbanje_lito2021", "Vjezbanje_lito2021.csproj", "{C4A06B45-B9D9-4740-B3F3-063507E80989}"
EndProject
Global
	GlobalSection(SolutionConfigurationPlatforms) = preSolution
		Debug|Any CPU = Debug|Any CPU
		Release|Any CPU = Release|Any CPU
	EndGlobalSection
	GlobalSection(ProjectConfigurationPlatforms) = postSolution
		{C4A06B45-B9D9-4740-B3F3-063507E80989}.Debug|Any CPU.ActiveCfg = Debug|Any CPU
		{C4A06B45-B9D9-4740-B3F3-063507E80989}.Debug|Any CPU.Build.0 = Debug|Any CPU
		{C4A06B45-B9D9-4740-B3F3-063507E80989}.Release|Any CPU.ActiveCfg = Release|Any CPU
		{C4A06B45-B9D9-4740-B3F3-063507E80989}.Release|Any CPU.Build.0 = Release|Any CPU
	EndGlobalSection
	GlobalSection(SolutionProperties) = preSolution
		HideSolutionNode = FALSE
	EndGlobalSection
	GlobalSection(ExtensibilityGlobals) = postSolution
		SolutionGuid = {6B93C3CD-2487-4BCD-B95E-8B8C4B62A771}
	EndGlobalSection
EndGlobal
